// !$*UTF8*$!
{
	archiveVersion = 1;
	classes = {
	};
	objectVersion = 46;
	objects = {

/* Begin PBXBuildFile section */
		35488FE27D7407A365A36ADD /* Pods_Circa.framework in Frameworks */ = {isa = PBXBuildFile; fileRef = 6E67237346772E6382CF4646 /* Pods_Circa.framework */; };
		4C02E3FF1FA6D061004686EA /* Feed.storyboard in Resources */ = {isa = PBXBuildFile; fileRef = 4C02E3FE1FA6D061004686EA /* Feed.storyboard */; };
		4C02E4031FA6D1BC004686EA /* FeedCell.xib in Resources */ = {isa = PBXBuildFile; fileRef = 4C02E4021FA6D1BC004686EA /* FeedCell.xib */; };
		4C88885A1FA66B910079CFFC /* AppDelegate.swift in Sources */ = {isa = PBXBuildFile; fileRef = 4C8888591FA66B910079CFFC /* AppDelegate.swift */; };
		4C88885F1FA66B910079CFFC /* Post.storyboard in Resources */ = {isa = PBXBuildFile; fileRef = 4C88885D1FA66B910079CFFC /* Post.storyboard */; };
		4C8888621FA66B910079CFFC /* Circa.xcdatamodeld in Sources */ = {isa = PBXBuildFile; fileRef = 4C8888601FA66B910079CFFC /* Circa.xcdatamodeld */; };
		4C8888641FA66B910079CFFC /* Assets.xcassets in Resources */ = {isa = PBXBuildFile; fileRef = 4C8888631FA66B910079CFFC /* Assets.xcassets */; };
		4C8888671FA66B910079CFFC /* LaunchScreen.storyboard in Resources */ = {isa = PBXBuildFile; fileRef = 4C8888651FA66B910079CFFC /* LaunchScreen.storyboard */; };
		4C88886F1FA67BDA0079CFFC /* PostViewController.swift in Sources */ = {isa = PBXBuildFile; fileRef = 4C88886E1FA67BDA0079CFFC /* PostViewController.swift */; };
		A675C4DD1FA7AF37008941C9 /* ChatView.storyboard in Resources */ = {isa = PBXBuildFile; fileRef = A675C4DC1FA7AF37008941C9 /* ChatView.storyboard */; };
		A675C4DF1FA7AF7A008941C9 /* ChatViewController.swift in Sources */ = {isa = PBXBuildFile; fileRef = A675C4DE1FA7AF7A008941C9 /* ChatViewController.swift */; };
		A675C4E11FA7B075008941C9 /* Login.storyboard in Resources */ = {isa = PBXBuildFile; fileRef = A675C4E01FA7B075008941C9 /* Login.storyboard */; };
		A675C4E31FA7B089008941C9 /* LoginViewController.swift in Sources */ = {isa = PBXBuildFile; fileRef = A675C4E21FA7B089008941C9 /* LoginViewController.swift */; };
		A675C4E51FA7B6AB008941C9 /* CircaPhotos in Resources */ = {isa = PBXBuildFile; fileRef = A675C4E41FA7B6AB008941C9 /* CircaPhotos */; };
		A675C4E91FA7F454008941C9 /* GoogleService-Info.plist in Resources */ = {isa = PBXBuildFile; fileRef = A675C4E81FA7F454008941C9 /* GoogleService-Info.plist */; };
/* End PBXBuildFile section */

/* Begin PBXFileReference section */
		4C02E3FE1FA6D061004686EA /* Feed.storyboard */ = {isa = PBXFileReference; fileEncoding = 4; lastKnownFileType = file.storyboard; path = Feed.storyboard; sourceTree = "<group>"; };
		4C02E4021FA6D1BC004686EA /* FeedCell.xib */ = {isa = PBXFileReference; fileEncoding = 4; lastKnownFileType = file.xib; path = FeedCell.xib; sourceTree = "<group>"; };
		4C8888561FA66B910079CFFC /* Circa.app */ = {isa = PBXFileReference; explicitFileType = wrapper.application; includeInIndex = 0; path = Circa.app; sourceTree = BUILT_PRODUCTS_DIR; };
		4C8888591FA66B910079CFFC /* AppDelegate.swift */ = {isa = PBXFileReference; lastKnownFileType = sourcecode.swift; path = AppDelegate.swift; sourceTree = "<group>"; };
		4C88885E1FA66B910079CFFC /* Base */ = {isa = PBXFileReference; lastKnownFileType = file.storyboard; name = Base; path = Base.lproj/Post.storyboard; sourceTree = "<group>"; };
		4C8888611FA66B910079CFFC /* Circa.xcdatamodel */ = {isa = PBXFileReference; lastKnownFileType = wrapper.xcdatamodel; path = Circa.xcdatamodel; sourceTree = "<group>"; };
		4C8888631FA66B910079CFFC /* Assets.xcassets */ = {isa = PBXFileReference; lastKnownFileType = folder.assetcatalog; path = Assets.xcassets; sourceTree = "<group>"; };
		4C8888661FA66B910079CFFC /* Base */ = {isa = PBXFileReference; lastKnownFileType = file.storyboard; name = Base; path = Base.lproj/LaunchScreen.storyboard; sourceTree = "<group>"; };
		4C8888681FA66B910079CFFC /* Info.plist */ = {isa = PBXFileReference; lastKnownFileType = text.plist.xml; path = Info.plist; sourceTree = "<group>"; };
		4C88886E1FA67BDA0079CFFC /* PostViewController.swift */ = {isa = PBXFileReference; fileEncoding = 4; lastKnownFileType = sourcecode.swift; path = PostViewController.swift; sourceTree = "<group>"; };
		6E67237346772E6382CF4646 /* Pods_Circa.framework */ = {isa = PBXFileReference; explicitFileType = wrapper.framework; includeInIndex = 0; path = Pods_Circa.framework; sourceTree = BUILT_PRODUCTS_DIR; };
		86E0780398A7050174FD1800 /* Pods-Circa.debug.xcconfig */ = {isa = PBXFileReference; includeInIndex = 1; lastKnownFileType = text.xcconfig; name = "Pods-Circa.debug.xcconfig"; path = "Pods/Target Support Files/Pods-Circa/Pods-Circa.debug.xcconfig"; sourceTree = "<group>"; };
		8C85791363EF915BBAF53587 /* Pods-Circa.release.xcconfig */ = {isa = PBXFileReference; includeInIndex = 1; lastKnownFileType = text.xcconfig; name = "Pods-Circa.release.xcconfig"; path = "Pods/Target Support Files/Pods-Circa/Pods-Circa.release.xcconfig"; sourceTree = "<group>"; };
		A675C4DC1FA7AF37008941C9 /* ChatView.storyboard */ = {isa = PBXFileReference; fileEncoding = 4; lastKnownFileType = file.storyboard; path = ChatView.storyboard; sourceTree = "<group>"; };
		A675C4DE1FA7AF7A008941C9 /* ChatViewController.swift */ = {isa = PBXFileReference; fileEncoding = 4; lastKnownFileType = sourcecode.swift; path = ChatViewController.swift; sourceTree = "<group>"; };
		A675C4E01FA7B075008941C9 /* Login.storyboard */ = {isa = PBXFileReference; fileEncoding = 4; lastKnownFileType = file.storyboard; path = Login.storyboard; sourceTree = "<group>"; };
		A675C4E21FA7B089008941C9 /* LoginViewController.swift */ = {isa = PBXFileReference; fileEncoding = 4; lastKnownFileType = sourcecode.swift; path = LoginViewController.swift; sourceTree = "<group>"; };
		A675C4E41FA7B6AB008941C9 /* CircaPhotos */ = {isa = PBXFileReference; lastKnownFileType = folder; name = CircaPhotos; path = ../../../../Desktop/CircaPhotos; sourceTree = "<group>"; };
		A675C4E81FA7F454008941C9 /* GoogleService-Info.plist */ = {isa = PBXFileReference; fileEncoding = 4; lastKnownFileType = text.plist.xml; path = "GoogleService-Info.plist"; sourceTree = "<group>"; };
/* End PBXFileReference section */

/* Begin PBXFrameworksBuildPhase section */
		4C8888531FA66B910079CFFC /* Frameworks */ = {
			isa = PBXFrameworksBuildPhase;
			buildActionMask = 2147483647;
			files = (
				35488FE27D7407A365A36ADD /* Pods_Circa.framework in Frameworks */,
			);
			runOnlyForDeploymentPostprocessing = 0;
		};
/* End PBXFrameworksBuildPhase section */

/* Begin PBXGroup section */
		0EBFCEB1392ED90C4B72D73C /* Pods */ = {
			isa = PBXGroup;
			children = (
				86E0780398A7050174FD1800 /* Pods-Circa.debug.xcconfig */,
				8C85791363EF915BBAF53587 /* Pods-Circa.release.xcconfig */,
			);
			name = Pods;
			sourceTree = "<group>";
		};
		4C02E4001FA6D0E2004686EA /* Storyboards */ = {
			isa = PBXGroup;
			children = (
				4C88885D1FA66B910079CFFC /* Post.storyboard */,
				A675C4E01FA7B075008941C9 /* Login.storyboard */,
				4C02E3FE1FA6D061004686EA /* Feed.storyboard */,
				A675C4DC1FA7AF37008941C9 /* ChatView.storyboard */,
			);
			name = Storyboards;
			sourceTree = "<group>";
		};
		4C02E4011FA6D0EB004686EA /* ViewControllers */ = {
			isa = PBXGroup;
			children = (
				4C88886E1FA67BDA0079CFFC /* PostViewController.swift */,
				A675C4E21FA7B089008941C9 /* LoginViewController.swift */,
				A675C4DE1FA7AF7A008941C9 /* ChatViewController.swift */,
			);
			name = ViewControllers;
			sourceTree = "<group>";
		};
		4C02E4041FA6D1C9004686EA /* Nibs */ = {
			isa = PBXGroup;
			children = (
				4C02E4021FA6D1BC004686EA /* FeedCell.xib */,
			);
			name = Nibs;
			sourceTree = "<group>";
		};
		4C88884D1FA66B910079CFFC = {
			isa = PBXGroup;
			children = (
				4C8888581FA66B910079CFFC /* Circa */,
				4C8888571FA66B910079CFFC /* Products */,
				0EBFCEB1392ED90C4B72D73C /* Pods */,
				7F60B8826194BBBB06253924 /* Frameworks */,
			);
			sourceTree = "<group>";
		};
		4C8888571FA66B910079CFFC /* Products */ = {
			isa = PBXGroup;
			children = (
				4C8888561FA66B910079CFFC /* Circa.app */,
			);
			name = Products;
			sourceTree = "<group>";
		};
		4C8888581FA66B910079CFFC /* Circa */ = {
			isa = PBXGroup;
			children = (
				A675C4E41FA7B6AB008941C9 /* CircaPhotos */,
				4C8888591FA66B910079CFFC /* AppDelegate.swift */,
				4C02E4041FA6D1C9004686EA /* Nibs */,
				4C02E4001FA6D0E2004686EA /* Storyboards */,
				4C02E4011FA6D0EB004686EA /* ViewControllers */,
				4C8888631FA66B910079CFFC /* Assets.xcassets */,
				4C8888651FA66B910079CFFC /* LaunchScreen.storyboard */,
				4C8888681FA66B910079CFFC /* Info.plist */,
				A675C4E81FA7F454008941C9 /* GoogleService-Info.plist */,
				4C8888601FA66B910079CFFC /* Circa.xcdatamodeld */,
			);
			path = Circa;
			sourceTree = "<group>";
		};
		7F60B8826194BBBB06253924 /* Frameworks */ = {
			isa = PBXGroup;
			children = (
				6E67237346772E6382CF4646 /* Pods_Circa.framework */,
			);
			name = Frameworks;
			sourceTree = "<group>";
		};
/* End PBXGroup section */

/* Begin PBXNativeTarget section */
		4C8888551FA66B910079CFFC /* Circa */ = {
			isa = PBXNativeTarget;
			buildConfigurationList = 4C88886B1FA66B910079CFFC /* Build configuration list for PBXNativeTarget "Circa" */;
			buildPhases = (
				5B1742881BB50B3AA12F3BBB /* [CP] Check Pods Manifest.lock */,
				4C8888521FA66B910079CFFC /* Sources */,
				4C8888531FA66B910079CFFC /* Frameworks */,
				4C8888541FA66B910079CFFC /* Resources */,
				90B01B30EA908E627D67BD0D /* [CP] Embed Pods Frameworks */,
				376CB39A0FFF15EF80C93CCF /* [CP] Copy Pods Resources */,
			);
			buildRules = (
			);
			dependencies = (
			);
			name = Circa;
			productName = Circa;
			productReference = 4C8888561FA66B910079CFFC /* Circa.app */;
			productType = "com.apple.product-type.application";
		};
/* End PBXNativeTarget section */

/* Begin PBXProject section */
		4C88884E1FA66B910079CFFC /* Project object */ = {
			isa = PBXProject;
			attributes = {
				LastSwiftUpdateCheck = 0830;
				LastUpgradeCheck = 0830;
				ORGANIZATIONNAME = "Andy Walner";
				TargetAttributes = {
					4C8888551FA66B910079CFFC = {
						CreatedOnToolsVersion = 8.3.3;
						ProvisioningStyle = Automatic;
					};
				};
			};
			buildConfigurationList = 4C8888511FA66B910079CFFC /* Build configuration list for PBXProject "Circa" */;
			compatibilityVersion = "Xcode 3.2";
			developmentRegion = English;
			hasScannedForEncodings = 0;
			knownRegions = (
				en,
				Base,
			);
			mainGroup = 4C88884D1FA66B910079CFFC;
			productRefGroup = 4C8888571FA66B910079CFFC /* Products */;
			projectDirPath = "";
			projectRoot = "";
			targets = (
				4C8888551FA66B910079CFFC /* Circa */,
			);
		};
/* End PBXProject section */

/* Begin PBXResourcesBuildPhase section */
		4C8888541FA66B910079CFFC /* Resources */ = {
			isa = PBXResourcesBuildPhase;
			buildActionMask = 2147483647;
			files = (
				4C8888671FA66B910079CFFC /* LaunchScreen.storyboard in Resources */,
				4C8888641FA66B910079CFFC /* Assets.xcassets in Resources */,
				A675C4E91FA7F454008941C9 /* GoogleService-Info.plist in Resources */,
				A675C4E51FA7B6AB008941C9 /* CircaPhotos in Resources */,
				A675C4E11FA7B075008941C9 /* Login.storyboard in Resources */,
				4C02E3FF1FA6D061004686EA /* Feed.storyboard in Resources */,
				A675C4DD1FA7AF37008941C9 /* ChatView.storyboard in Resources */,
				4C88885F1FA66B910079CFFC /* Post.storyboard in Resources */,
				4C02E4031FA6D1BC004686EA /* FeedCell.xib in Resources */,
			);
			runOnlyForDeploymentPostprocessing = 0;
		};
/* End PBXResourcesBuildPhase section */

/* Begin PBXShellScriptBuildPhase section */
		376CB39A0FFF15EF80C93CCF /* [CP] Copy Pods Resources */ = {
			isa = PBXShellScriptBuildPhase;
			buildActionMask = 2147483647;
			files = (
			);
			inputPaths = (
			);
			name = "[CP] Copy Pods Resources";
			outputPaths = (
			);
			runOnlyForDeploymentPostprocessing = 0;
			shellPath = /bin/sh;
			shellScript = "\"${SRCROOT}/Pods/Target Support Files/Pods-Circa/Pods-Circa-resources.sh\"\n";
			showEnvVarsInLog = 0;
		};
		5B1742881BB50B3AA12F3BBB /* [CP] Check Pods Manifest.lock */ = {
			isa = PBXShellScriptBuildPhase;
			buildActionMask = 2147483647;
			files = (
			);
			inputPaths = (
				"${PODS_PODFILE_DIR_PATH}/Podfile.lock",
				"${PODS_ROOT}/Manifest.lock",
			);
			name = "[CP] Check Pods Manifest.lock";
			outputPaths = (
				"$(DERIVED_FILE_DIR)/Pods-Circa-checkManifestLockResult.txt",
			);
			runOnlyForDeploymentPostprocessing = 0;
			shellPath = /bin/sh;
			shellScript = "diff \"${PODS_PODFILE_DIR_PATH}/Podfile.lock\" \"${PODS_ROOT}/Manifest.lock\" > /dev/null\nif [ $? != 0 ] ; then\n    # print error to STDERR\n    echo \"error: The sandbox is not in sync with the Podfile.lock. Run 'pod install' or update your CocoaPods installation.\" >&2\n    exit 1\nfi\n# This output is used by Xcode 'outputs' to avoid re-running this script phase.\necho \"SUCCESS\" > \"${SCRIPT_OUTPUT_FILE_0}\"\n";
			showEnvVarsInLog = 0;
		};
		90B01B30EA908E627D67BD0D /* [CP] Embed Pods Frameworks */ = {
			isa = PBXShellScriptBuildPhase;
			buildActionMask = 2147483647;
			files = (
			);
			inputPaths = (
				"${SRCROOT}/Pods/Target Support Files/Pods-Circa/Pods-Circa-frameworks.sh",
				"${BUILT_PRODUCTS_DIR}/GoogleToolboxForMac/GoogleToolboxForMac.framework",
				"${BUILT_PRODUCTS_DIR}/Toucan/Toucan.framework",
				"${BUILT_PRODUCTS_DIR}/nanopb/nanopb.framework",
			);
			name = "[CP] Embed Pods Frameworks";
			outputPaths = (
				"${TARGET_BUILD_DIR}/${FRAMEWORKS_FOLDER_PATH}/GoogleToolboxForMac.framework",
				"${TARGET_BUILD_DIR}/${FRAMEWORKS_FOLDER_PATH}/Toucan.framework",
				"${TARGET_BUILD_DIR}/${FRAMEWORKS_FOLDER_PATH}/nanopb.framework",
			);
			runOnlyForDeploymentPostprocessing = 0;
			shellPath = /bin/sh;
			shellScript = "\"${SRCROOT}/Pods/Target Support Files/Pods-Circa/Pods-Circa-frameworks.sh\"\n";
			showEnvVarsInLog = 0;
		};
/* End PBXShellScriptBuildPhase section */

/* Begin PBXSourcesBuildPhase section */
		4C8888521FA66B910079CFFC /* Sources */ = {
			isa = PBXSourcesBuildPhase;
			buildActionMask = 2147483647;
			files = (
				4C88886F1FA67BDA0079CFFC /* PostViewController.swift in Sources */,
				4C88885A1FA66B910079CFFC /* AppDelegate.swift in Sources */,
				A675C4DF1FA7AF7A008941C9 /* ChatViewController.swift in Sources */,
				A675C4E31FA7B089008941C9 /* LoginViewController.swift in Sources */,
				4C8888621FA66B910079CFFC /* Circa.xcdatamodeld in Sources */,
			);
			runOnlyForDeploymentPostprocessing = 0;
		};
/* End PBXSourcesBuildPhase section */

/* Begin PBXVariantGroup section */
		4C88885D1FA66B910079CFFC /* Post.storyboard */ = {
			isa = PBXVariantGroup;
			children = (
				4C88885E1FA66B910079CFFC /* Base */,
			);
			name = Post.storyboard;
			sourceTree = "<group>";
		};
		4C8888651FA66B910079CFFC /* LaunchScreen.storyboard */ = {
			isa = PBXVariantGroup;
			children = (
				4C8888661FA66B910079CFFC /* Base */,
			);
			name = LaunchScreen.storyboard;
			sourceTree = "<group>";
		};
/* End PBXVariantGroup section */

/* Begin XCBuildConfiguration section */
		4C8888691FA66B910079CFFC /* Debug */ = {
			isa = XCBuildConfiguration;
			buildSettings = {
				ALWAYS_SEARCH_USER_PATHS = NO;
				CLANG_ANALYZER_NONNULL = YES;
				CLANG_ANALYZER_NUMBER_OBJECT_CONVERSION = YES_AGGRESSIVE;
				CLANG_CXX_LANGUAGE_STANDARD = "gnu++0x";
				CLANG_CXX_LIBRARY = "libc++";
				CLANG_ENABLE_MODULES = YES;
				CLANG_ENABLE_OBJC_ARC = YES;
				CLANG_WARN_BOOL_CONVERSION = YES;
				CLANG_WARN_CONSTANT_CONVERSION = YES;
				CLANG_WARN_DIRECT_OBJC_ISA_USAGE = YES_ERROR;
				CLANG_WARN_DOCUMENTATION_COMMENTS = YES;
				CLANG_WARN_EMPTY_BODY = YES;
				CLANG_WARN_ENUM_CONVERSION = YES;
				CLANG_WARN_INFINITE_RECURSION = YES;
				CLANG_WARN_INT_CONVERSION = YES;
				CLANG_WARN_OBJC_ROOT_CLASS = YES_ERROR;
				CLANG_WARN_SUSPICIOUS_MOVE = YES;
				CLANG_WARN_UNREACHABLE_CODE = YES;
				CLANG_WARN__DUPLICATE_METHOD_MATCH = YES;
				"CODE_SIGN_IDENTITY[sdk=iphoneos*]" = "iPhone Developer";
				COPY_PHASE_STRIP = NO;
				DEBUG_INFORMATION_FORMAT = dwarf;
				ENABLE_STRICT_OBJC_MSGSEND = YES;
				ENABLE_TESTABILITY = YES;
				GCC_C_LANGUAGE_STANDARD = gnu99;
				GCC_DYNAMIC_NO_PIC = NO;
				GCC_NO_COMMON_BLOCKS = YES;
				GCC_OPTIMIZATION_LEVEL = 0;
				GCC_PREPROCESSOR_DEFINITIONS = (
					"DEBUG=1",
					"$(inherited)",
				);
				GCC_WARN_64_TO_32_BIT_CONVERSION = YES;
				GCC_WARN_ABOUT_RETURN_TYPE = YES_ERROR;
				GCC_WARN_UNDECLARED_SELECTOR = YES;
				GCC_WARN_UNINITIALIZED_AUTOS = YES_AGGRESSIVE;
				GCC_WARN_UNUSED_FUNCTION = YES;
				GCC_WARN_UNUSED_VARIABLE = YES;
				IPHONEOS_DEPLOYMENT_TARGET = 10.3;
				MTL_ENABLE_DEBUG_INFO = YES;
				ONLY_ACTIVE_ARCH = YES;
				SDKROOT = iphoneos;
				SWIFT_ACTIVE_COMPILATION_CONDITIONS = DEBUG;
				SWIFT_OPTIMIZATION_LEVEL = "-Onone";
				TARGETED_DEVICE_FAMILY = "1,2";
			};
			name = Debug;
		};
		4C88886A1FA66B910079CFFC /* Release */ = {
			isa = XCBuildConfiguration;
			buildSettings = {
				ALWAYS_SEARCH_USER_PATHS = NO;
				CLANG_ANALYZER_NONNULL = YES;
				CLANG_ANALYZER_NUMBER_OBJECT_CONVERSION = YES_AGGRESSIVE;
				CLANG_CXX_LANGUAGE_STANDARD = "gnu++0x";
				CLANG_CXX_LIBRARY = "libc++";
				CLANG_ENABLE_MODULES = YES;
				CLANG_ENABLE_OBJC_ARC = YES;
				CLANG_WARN_BOOL_CONVERSION = YES;
				CLANG_WARN_CONSTANT_CONVERSION = YES;
				CLANG_WARN_DIRECT_OBJC_ISA_USAGE = YES_ERROR;
				CLANG_WARN_DOCUMENTATION_COMMENTS = YES;
				CLANG_WARN_EMPTY_BODY = YES;
				CLANG_WARN_ENUM_CONVERSION = YES;
				CLANG_WARN_INFINITE_RECURSION = YES;
				CLANG_WARN_INT_CONVERSION = YES;
				CLANG_WARN_OBJC_ROOT_CLASS = YES_ERROR;
				CLANG_WARN_SUSPICIOUS_MOVE = YES;
				CLANG_WARN_UNREACHABLE_CODE = YES;
				CLANG_WARN__DUPLICATE_METHOD_MATCH = YES;
				"CODE_SIGN_IDENTITY[sdk=iphoneos*]" = "iPhone Developer";
				COPY_PHASE_STRIP = NO;
				DEBUG_INFORMATION_FORMAT = "dwarf-with-dsym";
				ENABLE_NS_ASSERTIONS = NO;
				ENABLE_STRICT_OBJC_MSGSEND = YES;
				GCC_C_LANGUAGE_STANDARD = gnu99;
				GCC_NO_COMMON_BLOCKS = YES;
				GCC_WARN_64_TO_32_BIT_CONVERSION = YES;
				GCC_WARN_ABOUT_RETURN_TYPE = YES_ERROR;
				GCC_WARN_UNDECLARED_SELECTOR = YES;
				GCC_WARN_UNINITIALIZED_AUTOS = YES_AGGRESSIVE;
				GCC_WARN_UNUSED_FUNCTION = YES;
				GCC_WARN_UNUSED_VARIABLE = YES;
				IPHONEOS_DEPLOYMENT_TARGET = 10.3;
				MTL_ENABLE_DEBUG_INFO = NO;
				SDKROOT = iphoneos;
				SWIFT_OPTIMIZATION_LEVEL = "-Owholemodule";
				TARGETED_DEVICE_FAMILY = "1,2";
				VALIDATE_PRODUCT = YES;
			};
			name = Release;
		};
		4C88886C1FA66B910079CFFC /* Debug */ = {
			isa = XCBuildConfiguration;
			baseConfigurationReference = 86E0780398A7050174FD1800 /* Pods-Circa.debug.xcconfig */;
			buildSettings = {
				ASSETCATALOG_COMPILER_APPICON_NAME = AppIcon;
				INFOPLIST_FILE = Circa/Info.plist;
				LD_RUNPATH_SEARCH_PATHS = "$(inherited) @executable_path/Frameworks";
				PRODUCT_BUNDLE_IDENTIFIER = com.example.Circa;
				PRODUCT_NAME = "$(TARGET_NAME)";
				SWIFT_VERSION = 3.0;
			};
			name = Debug;
		};
		4C88886D1FA66B910079CFFC /* Release */ = {
			isa = XCBuildConfiguration;
			baseConfigurationReference = 8C85791363EF915BBAF53587 /* Pods-Circa.release.xcconfig */;
			buildSettings = {
				ASSETCATALOG_COMPILER_APPICON_NAME = AppIcon;
				INFOPLIST_FILE = Circa/Info.plist;
				LD_RUNPATH_SEARCH_PATHS = "$(inherited) @executable_path/Frameworks";
				PRODUCT_BUNDLE_IDENTIFIER = com.example.Circa;
				PRODUCT_NAME = "$(TARGET_NAME)";
				SWIFT_VERSION = 3.0;
			};
			name = Release;
		};
/* End XCBuildConfiguration section */

/* Begin XCConfigurationList section */
		4C8888511FA66B910079CFFC /* Build configuration list for PBXProject "Circa" */ = {
			isa = XCConfigurationList;
			buildConfigurations = (
				4C8888691FA66B910079CFFC /* Debug */,
				4C88886A1FA66B910079CFFC /* Release */,
			);
			defaultConfigurationIsVisible = 0;
			defaultConfigurationName = Release;
		};
		4C88886B1FA66B910079CFFC /* Build configuration list for PBXNativeTarget "Circa" */ = {
			isa = XCConfigurationList;
			buildConfigurations = (
				4C88886C1FA66B910079CFFC /* Debug */,
				4C88886D1FA66B910079CFFC /* Release */,
			);
			defaultConfigurationIsVisible = 0;
			defaultConfigurationName = Release;
		};
/* End XCConfigurationList section */

/* Begin XCVersionGroup section */
		4C8888601FA66B910079CFFC /* Circa.xcdatamodeld */ = {
			isa = XCVersionGroup;
			children = (
				4C8888611FA66B910079CFFC /* Circa.xcdatamodel */,
			);
			currentVersion = 4C8888611FA66B910079CFFC /* Circa.xcdatamodel */;
			path = Circa.xcdatamodeld;
			sourceTree = "<group>";
			versionGroupType = wrapper.xcdatamodel;
		};
/* End XCVersionGroup section */
	};
	rootObject = 4C88884E1FA66B910079CFFC /* Project object */;
}
